// !$*UTF8*$!
{
	archiveVersion = 1;
	classes = {
	};
	objectVersion = 46;
	objects = {

/* Begin PBXBuildFile section */
		8D0128841CF4F4B0002583B9 /* AppDelegate.swift in Sources */ = {isa = PBXBuildFile; fileRef = 8D0128831CF4F4B0002583B9 /* AppDelegate.swift */; };
		8D0128861CF4F4B1002583B9 /* Assets.xcassets in Resources */ = {isa = PBXBuildFile; fileRef = 8D0128851CF4F4B1002583B9 /* Assets.xcassets */; };
		8D0128891CF4F4B1002583B9 /* MainMenu.xib in Resources */ = {isa = PBXBuildFile; fileRef = 8D0128871CF4F4B1002583B9 /* MainMenu.xib */; };
		8DBCEB6A1CF61BA800DC3535 /* ApplicationServices.framework in Frameworks */ = {isa = PBXBuildFile; fileRef = 8DBCEB691CF61BA800DC3535 /* ApplicationServices.framework */; };
		8DBCEB6D1CF61C7E00DC3535 /* Scriptable.swift in Sources */ = {isa = PBXBuildFile; fileRef = 8DBCEB6C1CF61C7E00DC3535 /* Scriptable.swift */; };
		8DBCEB6F1CF61ED500DC3535 /* MoveMouseAct.swift in Sources */ = {isa = PBXBuildFile; fileRef = 8DBCEB6E1CF61ED500DC3535 /* MoveMouseAct.swift */; };
		8DBCEB711CF627A600DC3535 /* ClickMouseAct.swift in Sources */ = {isa = PBXBuildFile; fileRef = 8DBCEB701CF627A600DC3535 /* ClickMouseAct.swift */; };
		8DBCEB741CF62DC700DC3535 /* ScrollMouseAct.swift in Sources */ = {isa = PBXBuildFile; fileRef = 8DBCEB731CF62DC700DC3535 /* ScrollMouseAct.swift */; };
		8DBCEB791CF6379B00DC3535 /* CGEvent+VariadicWrappers.m in Sources */ = {isa = PBXBuildFile; fileRef = 8DBCEB781CF6379B00DC3535 /* CGEvent+VariadicWrappers.m */; };
		CE28DA3D1CF6B8870098161E /* AppKit.framework in Frameworks */ = {isa = PBXBuildFile; fileRef = CE28DA3C1CF6B8870098161E /* AppKit.framework */; };
		CE28DA411CF6BABA0098161E /* GameplayKit.framework in Frameworks */ = {isa = PBXBuildFile; fileRef = CE28DA401CF6BABA0098161E /* GameplayKit.framework */; };
		CE565DB01CF583FB006AAC49 /* SimulationManager.swift in Sources */ = {isa = PBXBuildFile; fileRef = CE565DAF1CF583FB006AAC49 /* SimulationManager.swift */; };
		CE565DC11CF5DC04006AAC49 /* ScriptsBuilder.swift in Sources */ = {isa = PBXBuildFile; fileRef = CE565DC01CF5DC04006AAC49 /* ScriptsBuilder.swift */; };
/* End PBXBuildFile section */

/* Begin PBXFileReference section */
		8D0128801CF4F4B0002583B9 /* zGhost.app */ = {isa = PBXFileReference; explicitFileType = wrapper.application; includeInIndex = 0; path = zGhost.app; sourceTree = BUILT_PRODUCTS_DIR; };
		8D0128831CF4F4B0002583B9 /* AppDelegate.swift */ = {isa = PBXFileReference; lastKnownFileType = sourcecode.swift; path = AppDelegate.swift; sourceTree = "<group>"; };
		8D0128851CF4F4B1002583B9 /* Assets.xcassets */ = {isa = PBXFileReference; lastKnownFileType = folder.assetcatalog; path = Assets.xcassets; sourceTree = "<group>"; };
		8D0128881CF4F4B1002583B9 /* Base */ = {isa = PBXFileReference; lastKnownFileType = file.xib; name = Base; path = Base.lproj/MainMenu.xib; sourceTree = "<group>"; };
		8D01288A1CF4F4B1002583B9 /* Info.plist */ = {isa = PBXFileReference; lastKnownFileType = text.plist.xml; path = Info.plist; sourceTree = "<group>"; };
		8DBCEB691CF61BA800DC3535 /* ApplicationServices.framework */ = {isa = PBXFileReference; lastKnownFileType = wrapper.framework; name = ApplicationServices.framework; path = System/Library/Frameworks/ApplicationServices.framework; sourceTree = SDKROOT; };
		8DBCEB6C1CF61C7E00DC3535 /* Scriptable.swift */ = {isa = PBXFileReference; fileEncoding = 4; lastKnownFileType = sourcecode.swift; name = Scriptable.swift; path = Scripts/Scriptable.swift; sourceTree = "<group>"; };
		8DBCEB6E1CF61ED500DC3535 /* MoveMouseAct.swift */ = {isa = PBXFileReference; fileEncoding = 4; lastKnownFileType = sourcecode.swift; name = MoveMouseAct.swift; path = Scripts/MoveMouseAct.swift; sourceTree = "<group>"; };
		8DBCEB701CF627A600DC3535 /* ClickMouseAct.swift */ = {isa = PBXFileReference; fileEncoding = 4; lastKnownFileType = sourcecode.swift; name = ClickMouseAct.swift; path = Scripts/ClickMouseAct.swift; sourceTree = "<group>"; };
		8DBCEB731CF62DC700DC3535 /* ScrollMouseAct.swift */ = {isa = PBXFileReference; fileEncoding = 4; lastKnownFileType = sourcecode.swift; name = ScrollMouseAct.swift; path = Scripts/ScrollMouseAct.swift; sourceTree = "<group>"; };
		8DBCEB761CF6379B00DC3535 /* zGhost-Bridging-Header.h */ = {isa = PBXFileReference; lastKnownFileType = sourcecode.c.h; path = "zGhost-Bridging-Header.h"; sourceTree = "<group>"; };
		8DBCEB771CF6379B00DC3535 /* CGEvent+VariadicWrappers.h */ = {isa = PBXFileReference; fileEncoding = 4; lastKnownFileType = sourcecode.c.h; name = "CGEvent+VariadicWrappers.h"; path = "Misc/CGEvent+VariadicWrappers.h"; sourceTree = "<group>"; };
		8DBCEB781CF6379B00DC3535 /* CGEvent+VariadicWrappers.m */ = {isa = PBXFileReference; fileEncoding = 4; lastKnownFileType = sourcecode.c.objc; name = "CGEvent+VariadicWrappers.m"; path = "Misc/CGEvent+VariadicWrappers.m"; sourceTree = "<group>"; };
		CE28DA3C1CF6B8870098161E /* AppKit.framework */ = {isa = PBXFileReference; lastKnownFileType = wrapper.framework; name = AppKit.framework; path = System/Library/Frameworks/AppKit.framework; sourceTree = SDKROOT; };
		CE28DA3E1CF6BAA70098161E /* GameKit.framework */ = {isa = PBXFileReference; lastKnownFileType = wrapper.framework; name = GameKit.framework; path = System/Library/Frameworks/GameKit.framework; sourceTree = SDKROOT; };
		CE28DA401CF6BABA0098161E /* GameplayKit.framework */ = {isa = PBXFileReference; lastKnownFileType = wrapper.framework; name = GameplayKit.framework; path = System/Library/Frameworks/GameplayKit.framework; sourceTree = SDKROOT; };
		CE565DAF1CF583FB006AAC49 /* SimulationManager.swift */ = {isa = PBXFileReference; fileEncoding = 4; lastKnownFileType = sourcecode.swift; path = SimulationManager.swift; sourceTree = "<group>"; };
		CE565DC01CF5DC04006AAC49 /* ScriptsBuilder.swift */ = {isa = PBXFileReference; fileEncoding = 4; lastKnownFileType = sourcecode.swift; name = ScriptsBuilder.swift; path = Scripts/ScriptsBuilder.swift; sourceTree = "<group>"; };
/* End PBXFileReference section */

/* Begin PBXFrameworksBuildPhase section */
		8D01287D1CF4F4B0002583B9 /* Frameworks */ = {
			isa = PBXFrameworksBuildPhase;
			buildActionMask = 2147483647;
			files = (
				CE28DA3D1CF6B8870098161E /* AppKit.framework in Frameworks */,
				8DBCEB6A1CF61BA800DC3535 /* ApplicationServices.framework in Frameworks */,
				CE28DA411CF6BABA0098161E /* GameplayKit.framework in Frameworks */,
			);
			runOnlyForDeploymentPostprocessing = 0;
		};
/* End PBXFrameworksBuildPhase section */

/* Begin PBXGroup section */
		8D0128771CF4F4B0002583B9 = {
			isa = PBXGroup;
			children = (
				8D0128821CF4F4B0002583B9 /* zGhost */,
				8DBCEB721CF629C200DC3535 /* Frameworks */,
				8D0128811CF4F4B0002583B9 /* Products */,
			);
			sourceTree = "<group>";
		};
		8D0128811CF4F4B0002583B9 /* Products */ = {
			isa = PBXGroup;
			children = (
				8D0128801CF4F4B0002583B9 /* zGhost.app */,
			);
			name = Products;
			sourceTree = "<group>";
		};
		8D0128821CF4F4B0002583B9 /* zGhost */ = {
			isa = PBXGroup;
			children = (
				8D0128831CF4F4B0002583B9 /* AppDelegate.swift */,
				CE565DAF1CF583FB006AAC49 /* SimulationManager.swift */,
				CE565DB11CF58450006AAC49 /* Scripts */,
				8DBCEB751CF6364700DC3535 /* Misc */,
				8D0128851CF4F4B1002583B9 /* Assets.xcassets */,
				8D0128871CF4F4B1002583B9 /* MainMenu.xib */,
				8D01288A1CF4F4B1002583B9 /* Info.plist */,
			);
			path = zGhost;
			sourceTree = "<group>";
		};
		8DBCEB721CF629C200DC3535 /* Frameworks */ = {
			isa = PBXGroup;
			children = (
				CE28DA401CF6BABA0098161E /* GameplayKit.framework */,
				CE28DA3E1CF6BAA70098161E /* GameKit.framework */,
				CE28DA3C1CF6B8870098161E /* AppKit.framework */,
				8DBCEB691CF61BA800DC3535 /* ApplicationServices.framework */,
			);
			name = Frameworks;
			sourceTree = "<group>";
		};
		8DBCEB751CF6364700DC3535 /* Misc */ = {
			isa = PBXGroup;
			children = (
				8DBCEB761CF6379B00DC3535 /* zGhost-Bridging-Header.h */,
				8DBCEB771CF6379B00DC3535 /* CGEvent+VariadicWrappers.h */,
				8DBCEB781CF6379B00DC3535 /* CGEvent+VariadicWrappers.m */,
			);
			name = Misc;
			sourceTree = "<group>";
		};
		CE565DB11CF58450006AAC49 /* Scripts */ = {
			isa = PBXGroup;
			children = (
				CE565DC01CF5DC04006AAC49 /* ScriptsBuilder.swift */,
				8DBCEB6C1CF61C7E00DC3535 /* Scriptable.swift */,
				8DBCEB6E1CF61ED500DC3535 /* MoveMouseAct.swift */,
				8DBCEB701CF627A600DC3535 /* ClickMouseAct.swift */,
				8DBCEB731CF62DC700DC3535 /* ScrollMouseAct.swift */,
			);
			name = Scripts;
			sourceTree = "<group>";
		};
/* End PBXGroup section */

/* Begin PBXNativeTarget section */
		8D01287F1CF4F4B0002583B9 /* zGhost */ = {
			isa = PBXNativeTarget;
			buildConfigurationList = 8D01288D1CF4F4B1002583B9 /* Build configuration list for PBXNativeTarget "zGhost" */;
			buildPhases = (
				8D01287C1CF4F4B0002583B9 /* Sources */,
				8D01287D1CF4F4B0002583B9 /* Frameworks */,
				8D01287E1CF4F4B0002583B9 /* Resources */,
			);
			buildRules = (
			);
			dependencies = (
			);
			name = zGhost;
			productName = zGhost;
			productReference = 8D0128801CF4F4B0002583B9 /* zGhost.app */;
			productType = "com.apple.product-type.application";
		};
/* End PBXNativeTarget section */

/* Begin PBXProject section */
		8D0128781CF4F4B0002583B9 /* Project object */ = {
			isa = PBXProject;
			attributes = {
				LastSwiftUpdateCheck = 0730;
				LastUpgradeCheck = 0730;
				ORGANIZATIONNAME = "Slava Zubrin";
				TargetAttributes = {
					8D01287F1CF4F4B0002583B9 = {
						CreatedOnToolsVersion = 7.3.1;
					};
				};
			};
			buildConfigurationList = 8D01287B1CF4F4B0002583B9 /* Build configuration list for PBXProject "zGhost" */;
			compatibilityVersion = "Xcode 3.2";
			developmentRegion = English;
			hasScannedForEncodings = 0;
			knownRegions = (
				en,
				Base,
			);
			mainGroup = 8D0128771CF4F4B0002583B9;
			productRefGroup = 8D0128811CF4F4B0002583B9 /* Products */;
			projectDirPath = "";
			projectRoot = "";
			targets = (
				8D01287F1CF4F4B0002583B9 /* zGhost */,
			);
		};
/* End PBXProject section */

/* Begin PBXResourcesBuildPhase section */
		8D01287E1CF4F4B0002583B9 /* Resources */ = {
			isa = PBXResourcesBuildPhase;
			buildActionMask = 2147483647;
			files = (
				8D0128861CF4F4B1002583B9 /* Assets.xcassets in Resources */,
				8D0128891CF4F4B1002583B9 /* MainMenu.xib in Resources */,
			);
			runOnlyForDeploymentPostprocessing = 0;
		};
/* End PBXResourcesBuildPhase section */

/* Begin PBXSourcesBuildPhase section */
		8D01287C1CF4F4B0002583B9 /* Sources */ = {
			isa = PBXSourcesBuildPhase;
			buildActionMask = 2147483647;
			files = (
				CE565DB01CF583FB006AAC49 /* SimulationManager.swift in Sources */,
				8DBCEB6F1CF61ED500DC3535 /* MoveMouseAct.swift in Sources */,
				8DBCEB711CF627A600DC3535 /* ClickMouseAct.swift in Sources */,
				8D0128841CF4F4B0002583B9 /* AppDelegate.swift in Sources */,
				8DBCEB741CF62DC700DC3535 /* ScrollMouseAct.swift in Sources */,
				CE565DC11CF5DC04006AAC49 /* ScriptsBuilder.swift in Sources */,
				8DBCEB791CF6379B00DC3535 /* CGEvent+VariadicWrappers.m in Sources */,
				8DBCEB6D1CF61C7E00DC3535 /* Scriptable.swift in Sources */,
			);
			runOnlyForDeploymentPostprocessing = 0;
		};
/* End PBXSourcesBuildPhase section */

/* Begin PBXVariantGroup section */
		8D0128871CF4F4B1002583B9 /* MainMenu.xib */ = {
			isa = PBXVariantGroup;
			children = (
				8D0128881CF4F4B1002583B9 /* Base */,
			);
			name = MainMenu.xib;
			sourceTree = "<group>";
		};
/* End PBXVariantGroup section */

/* Begin XCBuildConfiguration section */
		8D01288B1CF4F4B1002583B9 /* Debug */ = {
			isa = XCBuildConfiguration;
			buildSettings = {
				ALWAYS_SEARCH_USER_PATHS = NO;
				CLANG_ANALYZER_NONNULL = YES;
				CLANG_CXX_LANGUAGE_STANDARD = "gnu++0x";
				CLANG_CXX_LIBRARY = "libc++";
				CLANG_ENABLE_MODULES = YES;
				CLANG_ENABLE_OBJC_ARC = YES;
				CLANG_WARN_BOOL_CONVERSION = YES;
				CLANG_WARN_CONSTANT_CONVERSION = YES;
				CLANG_WARN_DIRECT_OBJC_ISA_USAGE = YES_ERROR;
				CLANG_WARN_EMPTY_BODY = YES;
				CLANG_WARN_ENUM_CONVERSION = YES;
				CLANG_WARN_INT_CONVERSION = YES;
				CLANG_WARN_OBJC_ROOT_CLASS = YES_ERROR;
				CLANG_WARN_UNREACHABLE_CODE = YES;
				CLANG_WARN__DUPLICATE_METHOD_MATCH = YES;
				CODE_SIGN_IDENTITY = "-";
				COPY_PHASE_STRIP = NO;
				DEBUG_INFORMATION_FORMAT = dwarf;
				ENABLE_STRICT_OBJC_MSGSEND = YES;
				ENABLE_TESTABILITY = YES;
				GCC_C_LANGUAGE_STANDARD = gnu99;
				GCC_DYNAMIC_NO_PIC = NO;
				GCC_NO_COMMON_BLOCKS = YES;
				GCC_OPTIMIZATION_LEVEL = 0;
				GCC_PREPROCESSOR_DEFINITIONS = (
					"DEBUG=1",
					"$(inherited)",
				);
				GCC_WARN_64_TO_32_BIT_CONVERSION = YES;
				GCC_WARN_ABOUT_RETURN_TYPE = YES_ERROR;
				GCC_WARN_UNDECLARED_SELECTOR = YES;
				GCC_WARN_UNINITIALIZED_AUTOS = YES_AGGRESSIVE;
				GCC_WARN_UNUSED_FUNCTION = YES;
				GCC_WARN_UNUSED_VARIABLE = YES;
				MACOSX_DEPLOYMENT_TARGET = 10.11;
				MTL_ENABLE_DEBUG_INFO = YES;
				ONLY_ACTIVE_ARCH = YES;
				SDKROOT = macosx;
				SWIFT_OPTIMIZATION_LEVEL = "-Onone";
			};
			name = Debug;
		};
		8D01288C1CF4F4B1002583B9 /* Release */ = {
			isa = XCBuildConfiguration;
			buildSettings = {
				ALWAYS_SEARCH_USER_PATHS = NO;
				CLANG_ANALYZER_NONNULL = YES;
				CLANG_CXX_LANGUAGE_STANDARD = "gnu++0x";
				CLANG_CXX_LIBRARY = "libc++";
				CLANG_ENABLE_MODULES = YES;
				CLANG_ENABLE_OBJC_ARC = YES;
				CLANG_WARN_BOOL_CONVERSION = YES;
				CLANG_WARN_CONSTANT_CONVERSION = YES;
				CLANG_WARN_DIRECT_OBJC_ISA_USAGE = YES_ERROR;
				CLANG_WARN_EMPTY_BODY = YES;
				CLANG_WARN_ENUM_CONVERSION = YES;
				CLANG_WARN_INT_CONVERSION = YES;
				CLANG_WARN_OBJC_ROOT_CLASS = YES_ERROR;
				CLANG_WARN_UNREACHABLE_CODE = YES;
				CLANG_WARN__DUPLICATE_METHOD_MATCH = YES;
				CODE_SIGN_IDENTITY = "-";
				COPY_PHASE_STRIP = NO;
				DEBUG_INFORMATION_FORMAT = "dwarf-with-dsym";
				ENABLE_NS_ASSERTIONS = NO;
				ENABLE_STRICT_OBJC_MSGSEND = YES;
				GCC_C_LANGUAGE_STANDARD = gnu99;
				GCC_NO_COMMON_BLOCKS = YES;
				GCC_WARN_64_TO_32_BIT_CONVERSION = YES;
				GCC_WARN_ABOUT_RETURN_TYPE = YES_ERROR;
				GCC_WARN_UNDECLARED_SELECTOR = YES;
				GCC_WARN_UNINITIALIZED_AUTOS = YES_AGGRESSIVE;
				GCC_WARN_UNUSED_FUNCTION = YES;
				GCC_WARN_UNUSED_VARIABLE = YES;
				MACOSX_DEPLOYMENT_TARGET = 10.11;
				MTL_ENABLE_DEBUG_INFO = NO;
				SDKROOT = macosx;
			};
			name = Release;
		};
		8D01288E1CF4F4B1002583B9 /* Debug */ = {
			isa = XCBuildConfiguration;
			buildSettings = {
				ASSETCATALOG_COMPILER_APPICON_NAME = AppIcon;
				CLANG_ENABLE_MODULES = YES;
				COMBINE_HIDPI_IMAGES = YES;
				INFOPLIST_FILE = zGhost/Info.plist;
				LD_RUNPATH_SEARCH_PATHS = "$(inherited) @executable_path/../Frameworks";
				PRODUCT_BUNDLE_IDENTIFIER = com.home.zubrin.zGhost;
				PRODUCT_NAME = "$(TARGET_NAME)";
				SWIFT_OBJC_BRIDGING_HEADER = "zGhost/zGhost-Bridging-Header.h";
				SWIFT_OPTIMIZATION_LEVEL = "-Onone";
			};
			name = Debug;
		};
		8D01288F1CF4F4B1002583B9 /* Release */ = {
			isa = XCBuildConfiguration;
			buildSettings = {
				ASSETCATALOG_COMPILER_APPICON_NAME = AppIcon;
				CLANG_ENABLE_MODULES = YES;
				COMBINE_HIDPI_IMAGES = YES;
				INFOPLIST_FILE = zGhost/Info.plist;
				LD_RUNPATH_SEARCH_PATHS = "$(inherited) @executable_path/../Frameworks";
				PRODUCT_BUNDLE_IDENTIFIER = com.home.zubrin.zGhost;
				PRODUCT_NAME = "$(TARGET_NAME)";
				SWIFT_OBJC_BRIDGING_HEADER = "zGhost/zGhost-Bridging-Header.h";
			};
			name = Release;
		};
/* End XCBuildConfiguration section */

/* Begin XCConfigurationList section */
		8D01287B1CF4F4B0002583B9 /* Build configuration list for PBXProject "zGhost" */ = {
			isa = XCConfigurationList;
			buildConfigurations = (
				8D01288B1CF4F4B1002583B9 /* Debug */,
				8D01288C1CF4F4B1002583B9 /* Release */,
			);
			defaultConfigurationIsVisible = 0;
			defaultConfigurationName = Release;
		};
		8D01288D1CF4F4B1002583B9 /* Build configuration list for PBXNativeTarget "zGhost" */ = {
			isa = XCConfigurationList;
			buildConfigurations = (
				8D01288E1CF4F4B1002583B9 /* Debug */,
				8D01288F1CF4F4B1002583B9 /* Release */,
			);
			defaultConfigurationIsVisible = 0;
			defaultConfigurationName = Release;
		};
/* End XCConfigurationList section */
	};
	rootObject = 8D0128781CF4F4B0002583B9 /* Project object */;
}
